dependencies:
- name: postgresql
  repository: https://charts.bitnami.com/bitnami
  version: 12.1.9
- name: redis
  repository: https://charts.bitnami.com/bitnami
  version: 17.3.7
digest: sha256:b0a42bef0a5efed404e322306e188ce36ce05bb2dde22f87842187dc91de6cfa
generated: "2025-08-14T17:58:40.995031-04:00"
