dependencies:
- name: postgresql
  repository: https://charts.bitnami.com/bitnami
  version: 18.1.8
- name: redis
  repository: https://charts.bitnami.com/bitnami
  version: 23.2.12
digest: sha256:925279da938f0bad9ccbc0563a77920e7b2721585531d36055dac289245d8638
generated: "2025-11-12T18:02:05.769749-05:00"
